
Microsoft Visual Studio Solution File, Format Version 12.00
# Visual Studio Version 17
VisualStudioVersion = 17.8.34525.116
MinimumVisualStudioVersion = 10.0.40219.1
Project("{FAE04EC0-301F-11D3-BF4B-00C04F79EFBC}") = "Calculator", "Calculator\Calculator.csproj", "{2CA258FD-A7E1-4E43-8DC1-6DAA0DCF04B5}"
EndProject
Project("{FAE04EC0-301F-11D3-BF4B-00C04F79EFBC}") = "CalculatorProgram", "CalculatorProgram\CalculatorProgram.csproj", "{0DA1F3B4-FFE4-446B-93FB-E956B3B34E83}"
EndProject
Global
	GlobalSection(SolutionConfigurationPlatforms) = preSolution
		Debug|Any CPU = Debug|Any CPU
		Release|Any CPU = Release|Any CPU
	EndGlobalSection
	GlobalSection(ProjectConfigurationPlatforms) = postSolution
		{2CA258FD-A7E1-4E43-8DC1-6DAA0DCF04B5}.Debug|Any CPU.ActiveCfg = Debug|Any CPU
		{2CA258FD-A7E1-4E43-8DC1-6DAA0DCF04B5}.Debug|Any CPU.Build.0 = Debug|Any CPU
		{2CA258FD-A7E1-4E43-8DC1-6DAA0DCF04B5}.Release|Any CPU.ActiveCfg = Release|Any CPU
		{2CA258FD-A7E1-4E43-8DC1-6DAA0DCF04B5}.Release|Any CPU.Build.0 = Release|Any CPU
		{0DA1F3B4-FFE4-446B-93FB-E956B3B34E83}.Debug|Any CPU.ActiveCfg = Debug|Any CPU
		{0DA1F3B4-FFE4-446B-93FB-E956B3B34E83}.Debug|Any CPU.Build.0 = Debug|Any CPU
		{0DA1F3B4-FFE4-446B-93FB-E956B3B34E83}.Release|Any CPU.ActiveCfg = Release|Any CPU
		{0DA1F3B4-FFE4-446B-93FB-E956B3B34E83}.Release|Any CPU.Build.0 = Release|Any CPU
	EndGlobalSection
	GlobalSection(SolutionProperties) = preSolution
		HideSolutionNode = FALSE
	EndGlobalSection
	GlobalSection(ExtensibilityGlobals) = postSolution
		SolutionGuid = {1A5F1140-6CF9-4CB5-A95A-95AAC2E4C9EF}
	EndGlobalSection
EndGlobal
